// !$*UTF8*$!
{
	archiveVersion = 1;
	classes = {
	};
	objectVersion = 46;
	objects = {

/* Begin PBXBuildFile section */
		75067A2619E0FBB900CF7CBB /* GameController.framework in Frameworks */ = {isa = PBXBuildFile; fileRef = 75067A2519E0FBB900CF7CBB /* GameController.framework */; };
		75067A2819E11F1200CF7CBB /* Spotify.framework in Frameworks */ = {isa = PBXBuildFile; fileRef = 75067A2719E11F1200CF7CBB /* Spotify.framework */; };
		7588493919E05F6C00B349FA /* AppDelegate.swift in Sources */ = {isa = PBXBuildFile; fileRef = 7588493819E05F6C00B349FA /* AppDelegate.swift */; };
		7588493B19E05F6C00B349FA /* ViewController.swift in Sources */ = {isa = PBXBuildFile; fileRef = 7588493A19E05F6C00B349FA /* ViewController.swift */; };
		7588493E19E05F6C00B349FA /* Main.storyboard in Resources */ = {isa = PBXBuildFile; fileRef = 7588493C19E05F6C00B349FA /* Main.storyboard */; };
		7588494019E05F6C00B349FA /* Images.xcassets in Resources */ = {isa = PBXBuildFile; fileRef = 7588493F19E05F6C00B349FA /* Images.xcassets */; };
		7588494319E05F6C00B349FA /* LaunchScreen.xib in Resources */ = {isa = PBXBuildFile; fileRef = 7588494119E05F6C00B349FA /* LaunchScreen.xib */; };
		7588494F19E05F6C00B349FA /* PresenceTests.swift in Sources */ = {isa = PBXBuildFile; fileRef = 7588494E19E05F6C00B349FA /* PresenceTests.swift */; };
		7588496119E0896700B349FA /* LocationManager.swift in Sources */ = {isa = PBXBuildFile; fileRef = 7588496019E0896700B349FA /* LocationManager.swift */; };
		7588496319E0925600B349FA /* Session.swift in Sources */ = {isa = PBXBuildFile; fileRef = 7588496219E0925600B349FA /* Session.swift */; };
		7588496519E093C700B349FA /* NetworkingManager.swift in Sources */ = {isa = PBXBuildFile; fileRef = 7588496419E093C700B349FA /* NetworkingManager.swift */; };
		75B9D9E419E0FAF70026C01D /* AVFoundation.framework in Frameworks */ = {isa = PBXBuildFile; fileRef = 75B9D9E319E0FAF70026C01D /* AVFoundation.framework */; };
/* End PBXBuildFile section */

/* Begin PBXContainerItemProxy section */
		7588494919E05F6C00B349FA /* PBXContainerItemProxy */ = {
			isa = PBXContainerItemProxy;
			containerPortal = 7588492B19E05F6C00B349FA /* Project object */;
			proxyType = 1;
			remoteGlobalIDString = 7588493219E05F6C00B349FA;
			remoteInfo = Presence;
		};
/* End PBXContainerItemProxy section */

/* Begin PBXFileReference section */
		75067A2519E0FBB900CF7CBB /* GameController.framework */ = {isa = PBXFileReference; lastKnownFileType = wrapper.framework; name = GameController.framework; path = System/Library/Frameworks/GameController.framework; sourceTree = SDKROOT; };
		75067A2719E11F1200CF7CBB /* Spotify.framework */ = {isa = PBXFileReference; lastKnownFileType = wrapper.framework; path = Spotify.framework; sourceTree = "<group>"; };
		7588493319E05F6C00B349FA /* Presence.app */ = {isa = PBXFileReference; explicitFileType = wrapper.application; includeInIndex = 0; path = Presence.app; sourceTree = BUILT_PRODUCTS_DIR; };
		7588493719E05F6C00B349FA /* Info.plist */ = {isa = PBXFileReference; lastKnownFileType = text.plist.xml; path = Info.plist; sourceTree = "<group>"; };
		7588493819E05F6C00B349FA /* AppDelegate.swift */ = {isa = PBXFileReference; lastKnownFileType = sourcecode.swift; path = AppDelegate.swift; sourceTree = "<group>"; };
		7588493A19E05F6C00B349FA /* ViewController.swift */ = {isa = PBXFileReference; lastKnownFileType = sourcecode.swift; path = ViewController.swift; sourceTree = "<group>"; };
		7588493D19E05F6C00B349FA /* Base */ = {isa = PBXFileReference; lastKnownFileType = file.storyboard; name = Base; path = Base.lproj/Main.storyboard; sourceTree = "<group>"; };
		7588493F19E05F6C00B349FA /* Images.xcassets */ = {isa = PBXFileReference; lastKnownFileType = folder.assetcatalog; path = Images.xcassets; sourceTree = "<group>"; };
		7588494219E05F6C00B349FA /* Base */ = {isa = PBXFileReference; lastKnownFileType = file.xib; name = Base; path = Base.lproj/LaunchScreen.xib; sourceTree = "<group>"; };
		7588494819E05F6C00B349FA /* PresenceTests.xctest */ = {isa = PBXFileReference; explicitFileType = wrapper.cfbundle; includeInIndex = 0; path = PresenceTests.xctest; sourceTree = BUILT_PRODUCTS_DIR; };
		7588494D19E05F6C00B349FA /* Info.plist */ = {isa = PBXFileReference; lastKnownFileType = text.plist.xml; path = Info.plist; sourceTree = "<group>"; };
		7588494E19E05F6C00B349FA /* PresenceTests.swift */ = {isa = PBXFileReference; lastKnownFileType = sourcecode.swift; path = PresenceTests.swift; sourceTree = "<group>"; };
		7588496019E0896700B349FA /* LocationManager.swift */ = {isa = PBXFileReference; fileEncoding = 4; lastKnownFileType = sourcecode.swift; path = LocationManager.swift; sourceTree = "<group>"; };
		7588496219E0925600B349FA /* Session.swift */ = {isa = PBXFileReference; fileEncoding = 4; lastKnownFileType = sourcecode.swift; path = Session.swift; sourceTree = "<group>"; };
		7588496419E093C700B349FA /* NetworkingManager.swift */ = {isa = PBXFileReference; fileEncoding = 4; lastKnownFileType = sourcecode.swift; path = NetworkingManager.swift; sourceTree = "<group>"; };
		75B9D9E219E0FACC0026C01D /* Presence-Bridging-Header.h */ = {isa = PBXFileReference; fileEncoding = 4; lastKnownFileType = sourcecode.c.h; path = "Presence-Bridging-Header.h"; sourceTree = "<group>"; };
		75B9D9E319E0FAF70026C01D /* AVFoundation.framework */ = {isa = PBXFileReference; lastKnownFileType = wrapper.framework; name = AVFoundation.framework; path = System/Library/Frameworks/AVFoundation.framework; sourceTree = SDKROOT; };
/* End PBXFileReference section */

/* Begin PBXFrameworksBuildPhase section */
		7588493019E05F6C00B349FA /* Frameworks */ = {
			isa = PBXFrameworksBuildPhase;
			buildActionMask = 2147483647;
			files = (
				75067A2619E0FBB900CF7CBB /* GameController.framework in Frameworks */,
				75067A2819E11F1200CF7CBB /* Spotify.framework in Frameworks */,
				75B9D9E419E0FAF70026C01D /* AVFoundation.framework in Frameworks */,
			);
			runOnlyForDeploymentPostprocessing = 0;
		};
		7588494519E05F6C00B349FA /* Frameworks */ = {
			isa = PBXFrameworksBuildPhase;
			buildActionMask = 2147483647;
			files = (
			);
			runOnlyForDeploymentPostprocessing = 0;
		};
/* End PBXFrameworksBuildPhase section */

/* Begin PBXGroup section */
		7588492A19E05F6C00B349FA = {
			isa = PBXGroup;
			children = (
				75067A2719E11F1200CF7CBB /* Spotify.framework */,
				75067A2519E0FBB900CF7CBB /* GameController.framework */,
				75B9D9E319E0FAF70026C01D /* AVFoundation.framework */,
				75B9D9E219E0FACC0026C01D /* Presence-Bridging-Header.h */,
				7588493519E05F6C00B349FA /* Presence */,
				7588494B19E05F6C00B349FA /* PresenceTests */,
				7588493419E05F6C00B349FA /* Products */,
			);
			sourceTree = "<group>";
		};
		7588493419E05F6C00B349FA /* Products */ = {
			isa = PBXGroup;
			children = (
				7588493319E05F6C00B349FA /* Presence.app */,
				7588494819E05F6C00B349FA /* PresenceTests.xctest */,
			);
			name = Products;
			sourceTree = "<group>";
		};
		7588493519E05F6C00B349FA /* Presence */ = {
			isa = PBXGroup;
			children = (
				7588493819E05F6C00B349FA /* AppDelegate.swift */,
				7588496019E0896700B349FA /* LocationManager.swift */,
				7588496219E0925600B349FA /* Session.swift */,
				7588496419E093C700B349FA /* NetworkingManager.swift */,
				7588493A19E05F6C00B349FA /* ViewController.swift */,
				7588493C19E05F6C00B349FA /* Main.storyboard */,
				7588493F19E05F6C00B349FA /* Images.xcassets */,
				7588494119E05F6C00B349FA /* LaunchScreen.xib */,
				7588493619E05F6C00B349FA /* Supporting Files */,
			);
			path = Presence;
			sourceTree = "<group>";
		};
		7588493619E05F6C00B349FA /* Supporting Files */ = {
			isa = PBXGroup;
			children = (
				7588493719E05F6C00B349FA /* Info.plist */,
			);
			name = "Supporting Files";
			sourceTree = "<group>";
		};
		7588494B19E05F6C00B349FA /* PresenceTests */ = {
			isa = PBXGroup;
			children = (
				7588494E19E05F6C00B349FA /* PresenceTests.swift */,
				7588494C19E05F6C00B349FA /* Supporting Files */,
			);
			path = PresenceTests;
			sourceTree = "<group>";
		};
		7588494C19E05F6C00B349FA /* Supporting Files */ = {
			isa = PBXGroup;
			children = (
				7588494D19E05F6C00B349FA /* Info.plist */,
			);
			name = "Supporting Files";
			sourceTree = "<group>";
		};
/* End PBXGroup section */

/* Begin PBXNativeTarget section */
		7588493219E05F6C00B349FA /* Presence */ = {
			isa = PBXNativeTarget;
			buildConfigurationList = 7588495219E05F6C00B349FA /* Build configuration list for PBXNativeTarget "Presence" */;
			buildPhases = (
				7588492F19E05F6C00B349FA /* Sources */,
				7588493019E05F6C00B349FA /* Frameworks */,
				7588493119E05F6C00B349FA /* Resources */,
			);
			buildRules = (
			);
			dependencies = (
			);
			name = Presence;
			productName = Presence;
			productReference = 7588493319E05F6C00B349FA /* Presence.app */;
			productType = "com.apple.product-type.application";
		};
		7588494719E05F6C00B349FA /* PresenceTests */ = {
			isa = PBXNativeTarget;
			buildConfigurationList = 7588495519E05F6C00B349FA /* Build configuration list for PBXNativeTarget "PresenceTests" */;
			buildPhases = (
				7588494419E05F6C00B349FA /* Sources */,
				7588494519E05F6C00B349FA /* Frameworks */,
				7588494619E05F6C00B349FA /* Resources */,
			);
			buildRules = (
			);
			dependencies = (
				7588494A19E05F6C00B349FA /* PBXTargetDependency */,
			);
			name = PresenceTests;
			productName = PresenceTests;
			productReference = 7588494819E05F6C00B349FA /* PresenceTests.xctest */;
			productType = "com.apple.product-type.bundle.unit-test";
		};
/* End PBXNativeTarget section */

/* Begin PBXProject section */
		7588492B19E05F6C00B349FA /* Project object */ = {
			isa = PBXProject;
			attributes = {
				LastUpgradeCheck = 0600;
				ORGANIZATIONNAME = "Michael Selsky";
				TargetAttributes = {
					7588493219E05F6C00B349FA = {
						CreatedOnToolsVersion = 6.0.1;
						DevelopmentTeam = 3QF9A6C73L;
						SystemCapabilities = {
							com.apple.BackgroundModes = {
								enabled = 1;
							};
						};
					};
					7588494719E05F6C00B349FA = {
						CreatedOnToolsVersion = 6.0.1;
						TestTargetID = 7588493219E05F6C00B349FA;
					};
				};
			};
			buildConfigurationList = 7588492E19E05F6C00B349FA /* Build configuration list for PBXProject "Presence" */;
			compatibilityVersion = "Xcode 3.2";
			developmentRegion = English;
			hasScannedForEncodings = 0;
			knownRegions = (
				en,
				Base,
			);
			mainGroup = 7588492A19E05F6C00B349FA;
			productRefGroup = 7588493419E05F6C00B349FA /* Products */;
			projectDirPath = "";
			projectRoot = "";
			targets = (
				7588493219E05F6C00B349FA /* Presence */,
				7588494719E05F6C00B349FA /* PresenceTests */,
			);
		};
/* End PBXProject section */

/* Begin PBXResourcesBuildPhase section */
		7588493119E05F6C00B349FA /* Resources */ = {
			isa = PBXResourcesBuildPhase;
			buildActionMask = 2147483647;
			files = (
				7588493E19E05F6C00B349FA /* Main.storyboard in Resources */,
				7588494319E05F6C00B349FA /* LaunchScreen.xib in Resources */,
				7588494019E05F6C00B349FA /* Images.xcassets in Resources */,
			);
			runOnlyForDeploymentPostprocessing = 0;
		};
		7588494619E05F6C00B349FA /* Resources */ = {
			isa = PBXResourcesBuildPhase;
			buildActionMask = 2147483647;
			files = (
			);
			runOnlyForDeploymentPostprocessing = 0;
		};
/* End PBXResourcesBuildPhase section */

/* Begin PBXSourcesBuildPhase section */
		7588492F19E05F6C00B349FA /* Sources */ = {
			isa = PBXSourcesBuildPhase;
			buildActionMask = 2147483647;
			files = (
				7588496319E0925600B349FA /* Session.swift in Sources */,
				7588496119E0896700B349FA /* LocationManager.swift in Sources */,
				7588493B19E05F6C00B349FA /* ViewController.swift in Sources */,
				7588496519E093C700B349FA /* NetworkingManager.swift in Sources */,
				7588493919E05F6C00B349FA /* AppDelegate.swift in Sources */,
			);
			runOnlyForDeploymentPostprocessing = 0;
		};
		7588494419E05F6C00B349FA /* Sources */ = {
			isa = PBXSourcesBuildPhase;
			buildActionMask = 2147483647;
			files = (
				7588494F19E05F6C00B349FA /* PresenceTests.swift in Sources */,
			);
			runOnlyForDeploymentPostprocessing = 0;
		};
/* End PBXSourcesBuildPhase section */

/* Begin PBXTargetDependency section */
		7588494A19E05F6C00B349FA /* PBXTargetDependency */ = {
			isa = PBXTargetDependency;
			target = 7588493219E05F6C00B349FA /* Presence */;
			targetProxy = 7588494919E05F6C00B349FA /* PBXContainerItemProxy */;
		};
/* End PBXTargetDependency section */

/* Begin PBXVariantGroup section */
		7588493C19E05F6C00B349FA /* Main.storyboard */ = {
			isa = PBXVariantGroup;
			children = (
				7588493D19E05F6C00B349FA /* Base */,
			);
			name = Main.storyboard;
			sourceTree = "<group>";
		};
		7588494119E05F6C00B349FA /* LaunchScreen.xib */ = {
			isa = PBXVariantGroup;
			children = (
				7588494219E05F6C00B349FA /* Base */,
			);
			name = LaunchScreen.xib;
			sourceTree = "<group>";
		};
/* End PBXVariantGroup section */

/* Begin XCBuildConfiguration section */
		7588495019E05F6C00B349FA /* Debug */ = {
			isa = XCBuildConfiguration;
			buildSettings = {
				ALWAYS_SEARCH_USER_PATHS = NO;
				CLANG_CXX_LANGUAGE_STANDARD = "gnu++0x";
				CLANG_CXX_LIBRARY = "libc++";
				CLANG_ENABLE_MODULES = YES;
				CLANG_ENABLE_OBJC_ARC = YES;
				CLANG_WARN_BOOL_CONVERSION = YES;
				CLANG_WARN_CONSTANT_CONVERSION = YES;
				CLANG_WARN_DIRECT_OBJC_ISA_USAGE = YES_ERROR;
				CLANG_WARN_EMPTY_BODY = YES;
				CLANG_WARN_ENUM_CONVERSION = YES;
				CLANG_WARN_INT_CONVERSION = YES;
				CLANG_WARN_OBJC_ROOT_CLASS = YES_ERROR;
				CLANG_WARN_UNREACHABLE_CODE = YES;
				CLANG_WARN__DUPLICATE_METHOD_MATCH = YES;
				CODE_SIGN_IDENTITY = "iPhone Developer: Michael Selsky (5BM87HSVW9)";
				"CODE_SIGN_IDENTITY[sdk=iphoneos*]" = "iPhone Developer: Michael Selsky (5BM87HSVW9)";
				COPY_PHASE_STRIP = NO;
				ENABLE_STRICT_OBJC_MSGSEND = YES;
				GCC_C_LANGUAGE_STANDARD = gnu99;
				GCC_DYNAMIC_NO_PIC = NO;
				GCC_OPTIMIZATION_LEVEL = 0;
				GCC_PREPROCESSOR_DEFINITIONS = (
					"DEBUG=1",
					"$(inherited)",
				);
				GCC_SYMBOLS_PRIVATE_EXTERN = NO;
				GCC_WARN_64_TO_32_BIT_CONVERSION = YES;
				GCC_WARN_ABOUT_RETURN_TYPE = YES_ERROR;
				GCC_WARN_UNDECLARED_SELECTOR = YES;
				GCC_WARN_UNINITIALIZED_AUTOS = YES_AGGRESSIVE;
				GCC_WARN_UNUSED_FUNCTION = YES;
				GCC_WARN_UNUSED_VARIABLE = YES;
				IPHONEOS_DEPLOYMENT_TARGET = 8.0;
				MTL_ENABLE_DEBUG_INFO = YES;
				ONLY_ACTIVE_ARCH = YES;
				PROVISIONING_PROFILE = "";
				SDKROOT = iphoneos;
				SWIFT_OPTIMIZATION_LEVEL = "-Onone";
			};
			name = Debug;
		};
		7588495119E05F6C00B349FA /* Release */ = {
			isa = XCBuildConfiguration;
			buildSettings = {
				ALWAYS_SEARCH_USER_PATHS = NO;
				CLANG_CXX_LANGUAGE_STANDARD = "gnu++0x";
				CLANG_CXX_LIBRARY = "libc++";
				CLANG_ENABLE_MODULES = YES;
				CLANG_ENABLE_OBJC_ARC = YES;
				CLANG_WARN_BOOL_CONVERSION = YES;
				CLANG_WARN_CONSTANT_CONVERSION = YES;
				CLANG_WARN_DIRECT_OBJC_ISA_USAGE = YES_ERROR;
				CLANG_WARN_EMPTY_BODY = YES;
				CLANG_WARN_ENUM_CONVERSION = YES;
				CLANG_WARN_INT_CONVERSION = YES;
				CLANG_WARN_OBJC_ROOT_CLASS = YES_ERROR;
				CLANG_WARN_UNREACHABLE_CODE = YES;
				CLANG_WARN__DUPLICATE_METHOD_MATCH = YES;
				CODE_SIGN_IDENTITY = "iPhone Developer: Michael Selsky (5BM87HSVW9)";
				"CODE_SIGN_IDENTITY[sdk=iphoneos*]" = "iPhone Developer: Michael Selsky (5BM87HSVW9)";
				COPY_PHASE_STRIP = YES;
				ENABLE_NS_ASSERTIONS = NO;
				ENABLE_STRICT_OBJC_MSGSEND = YES;
				GCC_C_LANGUAGE_STANDARD = gnu99;
				GCC_WARN_64_TO_32_BIT_CONVERSION = YES;
				GCC_WARN_ABOUT_RETURN_TYPE = YES_ERROR;
				GCC_WARN_UNDECLARED_SELECTOR = YES;
				GCC_WARN_UNINITIALIZED_AUTOS = YES_AGGRESSIVE;
				GCC_WARN_UNUSED_FUNCTION = YES;
				GCC_WARN_UNUSED_VARIABLE = YES;
				IPHONEOS_DEPLOYMENT_TARGET = 8.0;
				MTL_ENABLE_DEBUG_INFO = NO;
				PROVISIONING_PROFILE = "";
				SDKROOT = iphoneos;
				VALIDATE_PRODUCT = YES;
			};
			name = Release;
		};
		7588495319E05F6C00B349FA /* Debug */ = {
			isa = XCBuildConfiguration;
			buildSettings = {
				CODE_SIGN_IDENTITY = "iPhone Developer";
				"CODE_SIGN_IDENTITY[sdk=iphoneos*]" = "iPhone Developer";
				FRAMEWORK_SEARCH_PATHS = (
					"$(inherited)",
					"$(PROJECT_DIR)/Presence",
					"$(PROJECT_DIR)",
				);
				INFOPLIST_FILE = Presence/Info.plist;
				LD_RUNPATH_SEARCH_PATHS = "$(inherited) @executable_path/Frameworks";
				OTHER_LDFLAGS = "-ObjC";
				PRODUCT_NAME = "$(TARGET_NAME)";
				PROVISIONING_PROFILE = "";
				SWIFT_OBJC_BRIDGING_HEADER = "Presence-Bridging-Header.h";
			};
			name = Debug;
		};
		7588495419E05F6C00B349FA /* Release */ = {
			isa = XCBuildConfiguration;
			buildSettings = {
				CODE_SIGN_IDENTITY = "iPhone Developer";
				"CODE_SIGN_IDENTITY[sdk=iphoneos*]" = "iPhone Developer";
				FRAMEWORK_SEARCH_PATHS = (
					"$(inherited)",
					"$(PROJECT_DIR)/Presence",
					"$(PROJECT_DIR)",
				);
				INFOPLIST_FILE = Presence/Info.plist;
				LD_RUNPATH_SEARCH_PATHS = "$(inherited) @executable_path/Frameworks";
				OTHER_LDFLAGS = "-ObjC";
				PRODUCT_NAME = "$(TARGET_NAME)";
				PROVISIONING_PROFILE = "";
				SWIFT_OBJC_BRIDGING_HEADER = "Presence-Bridging-Header.h";
			};
			name = Release;
		};
		7588495619E05F6C00B349FA /* Debug */ = {
			isa = XCBuildConfiguration;
			buildSettings = {
				BUNDLE_LOADER = "$(TEST_HOST)";
				CODE_SIGN_IDENTITY = "iPhone Developer: Michael Selsky (5BM87HSVW9)";
				FRAMEWORK_SEARCH_PATHS = (
					"$(SDKROOT)/Developer/Library/Frameworks",
					"$(inherited)",
				);
				GCC_PREPROCESSOR_DEFINITIONS = (
					"DEBUG=1",
					"$(inherited)",
				);
				INFOPLIST_FILE = PresenceTests/Info.plist;
				LD_RUNPATH_SEARCH_PATHS = "$(inherited) @executable_path/Frameworks @loader_path/Frameworks";
				PRODUCT_NAME = "$(TARGET_NAME)";
				PROVISIONING_PROFILE = "";
				TEST_HOST = "$(BUILT_PRODUCTS_DIR)/Presence.app/Presence";
			};
			name = Debug;
		};
		7588495719E05F6C00B349FA /* Release */ = {
			isa = XCBuildConfiguration;
			buildSettings = {
				BUNDLE_LOADER = "$(TEST_HOST)";
				CODE_SIGN_IDENTITY = "iPhone Developer: Michael Selsky (5BM87HSVW9)";
				FRAMEWORK_SEARCH_PATHS = (
					"$(SDKROOT)/Developer/Library/Frameworks",
					"$(inherited)",
				);
				INFOPLIST_FILE = PresenceTests/Info.plist;
				LD_RUNPATH_SEARCH_PATHS = "$(inherited) @executable_path/Frameworks @loader_path/Frameworks";
				PRODUCT_NAME = "$(TARGET_NAME)";
				PROVISIONING_PROFILE = "";
				TEST_HOST = "$(BUILT_PRODUCTS_DIR)/Presence.app/Presence";
			};
			name = Release;
		};
/* End XCBuildConfiguration section */

/* Begin XCConfigurationList section */
		7588492E19E05F6C00B349FA /* Build configuration list for PBXProject "Presence" */ = {
			isa = XCConfigurationList;
			buildConfigurations = (
				7588495019E05F6C00B349FA /* Debug */,
				7588495119E05F6C00B349FA /* Release */,
			);
			defaultConfigurationIsVisible = 0;
			defaultConfigurationName = Release;
		};
		7588495219E05F6C00B349FA /* Build configuration list for PBXNativeTarget "Presence" */ = {
			isa = XCConfigurationList;
			buildConfigurations = (
				7588495319E05F6C00B349FA /* Debug */,
				7588495419E05F6C00B349FA /* Release */,
			);
			defaultConfigurationIsVisible = 0;
			defaultConfigurationName = Release;
		};
		7588495519E05F6C00B349FA /* Build configuration list for PBXNativeTarget "PresenceTests" */ = {
			isa = XCConfigurationList;
			buildConfigurations = (
				7588495619E05F6C00B349FA /* Debug */,
				7588495719E05F6C00B349FA /* Release */,
			);
			defaultConfigurationIsVisible = 0;
			defaultConfigurationName = Release;
		};
/* End XCConfigurationList section */
	};
	rootObject = 7588492B19E05F6C00B349FA /* Project object */;
}
